
Microsoft Visual Studio Solution File, Format Version 12.00
# Visual Studio Version 16
VisualStudioVersion = 16.0.31424.327
MinimumVisualStudioVersion = 10.0.40219.1
Project("{FAE04EC0-301F-11D3-BF4B-00C04F79EFBC}") = "Demo1", "Demo1\Demo1.csproj", "{8AF7BE96-3E8E-49EF-A24A-56E20F98E53C}"
EndProject
Global
	GlobalSection(SolutionConfigurationPlatforms) = preSolution
		Debug|Any CPU = Debug|Any CPU
		Release|Any CPU = Release|Any CPU
	EndGlobalSection
	GlobalSection(ProjectConfigurationPlatforms) = postSolution
		{8AF7BE96-3E8E-49EF-A24A-56E20F98E53C}.Debug|Any CPU.ActiveCfg = Debug|Any CPU
		{8AF7BE96-3E8E-49EF-A24A-56E20F98E53C}.Debug|Any CPU.Build.0 = Debug|Any CPU
		{8AF7BE96-3E8E-49EF-A24A-56E20F98E53C}.Release|Any CPU.ActiveCfg = Release|Any CPU
		{8AF7BE96-3E8E-49EF-A24A-56E20F98E53C}.Release|Any CPU.Build.0 = Release|Any CPU
	EndGlobalSection
	GlobalSection(SolutionProperties) = preSolution
		HideSolutionNode = FALSE
	EndGlobalSection
	GlobalSection(ExtensibilityGlobals) = postSolution
		SolutionGuid = {156B906E-4C48-43D2-910C-18B3DBF47CA2}
	EndGlobalSection
EndGlobal
