
Microsoft Visual Studio Solution File, Format Version 12.00
# Visual Studio Version 16
VisualStudioVersion = 16.0.31424.327
MinimumVisualStudioVersion = 10.0.40219.1
Project("{FAE04EC0-301F-11D3-BF4B-00C04F79EFBC}") = "Demo", "Demo\Demo.csproj", "{3370BCD2-1DF4-4E96-904C-1D869C194D20}"
EndProject
Global
	GlobalSection(SolutionConfigurationPlatforms) = preSolution
		Debug|Any CPU = Debug|Any CPU
		Release|Any CPU = Release|Any CPU
	EndGlobalSection
	GlobalSection(ProjectConfigurationPlatforms) = postSolution
		{3370BCD2-1DF4-4E96-904C-1D869C194D20}.Debug|Any CPU.ActiveCfg = Debug|Any CPU
		{3370BCD2-1DF4-4E96-904C-1D869C194D20}.Debug|Any CPU.Build.0 = Debug|Any CPU
		{3370BCD2-1DF4-4E96-904C-1D869C194D20}.Release|Any CPU.ActiveCfg = Release|Any CPU
		{3370BCD2-1DF4-4E96-904C-1D869C194D20}.Release|Any CPU.Build.0 = Release|Any CPU
	EndGlobalSection
	GlobalSection(SolutionProperties) = preSolution
		HideSolutionNode = FALSE
	EndGlobalSection
	GlobalSection(ExtensibilityGlobals) = postSolution
		SolutionGuid = {7226E8AE-31E0-4FF1-BE0C-650D1B067B25}
	EndGlobalSection
EndGlobal
